
Microsoft Visual Studio Solution File, Format Version 12.00
# Visual Studio Version 17
VisualStudioVersion = 17.9.34701.34
MinimumVisualStudioVersion = 10.0.40219.1
Project("{8BC9CEB8-8B4A-11D0-8D11-00A0C91BC942}") = "h1", "..\..\H1\build\vs17\h1.vcxproj", "{3049B169-0B71-41AF-AA93-6963F7C293F5}"
EndProject
Project("{8BC9CEB8-8B4A-11D0-8D11-00A0C91BC942}") = "h4", "..\..\H4\build\vs17\h4.vcxproj", "{76BC9137-0AC1-4847-A177-92E77FF1056B}"
EndProject
Project("{8BC9CEB8-8B4A-11D0-8D11-00A0C91BC942}") = "h8", "..\..\H8\build\vs17\h8.vcxproj", "{682DCD55-745F-42EC-A8BF-103912838A3A}"
EndProject
Project("{8BC9CEB8-8B4A-11D0-8D11-00A0C91BC942}") = "h2", "..\..\H2\build\vs17\h2.vcxproj", "{BC2E93D5-B956-406F-8F54-A71CBB423F69}"
EndProject
Global
	GlobalSection(SolutionConfigurationPlatforms) = preSolution
		Debug|x64 = Debug|x64
		Debug|x86 = Debug|x86
		DebugFree|x64 = DebugFree|x64
		DebugFree|x86 = DebugFree|x86
		DebugGLSL|x64 = DebugGLSL|x64
		DebugGLSL|x86 = DebugGLSL|x86
		DebugLite|x64 = DebugLite|x64
		DebugLite|x86 = DebugLite|x86
		Release|x64 = Release|x64
		Release|x86 = Release|x86
		ReleaseFree|x64 = ReleaseFree|x64
		ReleaseFree|x86 = ReleaseFree|x86
		ReleaseGLSL|x64 = ReleaseGLSL|x64
		ReleaseGLSL|x86 = ReleaseGLSL|x86
		ReleaseLite|x64 = ReleaseLite|x64
		ReleaseLite|x86 = ReleaseLite|x86
	EndGlobalSection
	GlobalSection(ProjectConfigurationPlatforms) = postSolution
		{3049B169-0B71-41AF-AA93-6963F7C293F5}.Debug|x64.ActiveCfg = Debug|x64
		{3049B169-0B71-41AF-AA93-6963F7C293F5}.Debug|x64.Build.0 = Debug|x64
		{3049B169-0B71-41AF-AA93-6963F7C293F5}.Debug|x86.ActiveCfg = Debug|x64
		{3049B169-0B71-41AF-AA93-6963F7C293F5}.Debug|x86.Build.0 = Debug|x64
		{3049B169-0B71-41AF-AA93-6963F7C293F5}.DebugFree|x64.ActiveCfg = Debug|x64
		{3049B169-0B71-41AF-AA93-6963F7C293F5}.DebugFree|x64.Build.0 = Debug|x64
		{3049B169-0B71-41AF-AA93-6963F7C293F5}.DebugFree|x86.ActiveCfg = Debug|x64
		{3049B169-0B71-41AF-AA93-6963F7C293F5}.DebugFree|x86.Build.0 = Debug|x64
		{3049B169-0B71-41AF-AA93-6963F7C293F5}.DebugGLSL|x64.ActiveCfg = Debug|x64
		{3049B169-0B71-41AF-AA93-6963F7C293F5}.DebugGLSL|x64.Build.0 = Debug|x64
		{3049B169-0B71-41AF-AA93-6963F7C293F5}.DebugGLSL|x86.ActiveCfg = Debug|x64
		{3049B169-0B71-41AF-AA93-6963F7C293F5}.DebugGLSL|x86.Build.0 = Debug|x64
		{3049B169-0B71-41AF-AA93-6963F7C293F5}.DebugLite|x64.ActiveCfg = Debug|x64
		{3049B169-0B71-41AF-AA93-6963F7C293F5}.DebugLite|x64.Build.0 = Debug|x64
		{3049B169-0B71-41AF-AA93-6963F7C293F5}.DebugLite|x86.ActiveCfg = Debug|x64
		{3049B169-0B71-41AF-AA93-6963F7C293F5}.DebugLite|x86.Build.0 = Debug|x64
		{3049B169-0B71-41AF-AA93-6963F7C293F5}.Release|x64.ActiveCfg = Release|x64
		{3049B169-0B71-41AF-AA93-6963F7C293F5}.Release|x64.Build.0 = Release|x64
		{3049B169-0B71-41AF-AA93-6963F7C293F5}.Release|x86.ActiveCfg = Release|x64
		{3049B169-0B71-41AF-AA93-6963F7C293F5}.Release|x86.Build.0 = Release|x64
		{3049B169-0B71-41AF-AA93-6963F7C293F5}.ReleaseFree|x64.ActiveCfg = Release|x64
		{3049B169-0B71-41AF-AA93-6963F7C293F5}.ReleaseFree|x64.Build.0 = Release|x64
		{3049B169-0B71-41AF-AA93-6963F7C293F5}.ReleaseFree|x86.ActiveCfg = Release|x64
		{3049B169-0B71-41AF-AA93-6963F7C293F5}.ReleaseFree|x86.Build.0 = Release|x64
		{3049B169-0B71-41AF-AA93-6963F7C293F5}.ReleaseGLSL|x64.ActiveCfg = Release|x64
		{3049B169-0B71-41AF-AA93-6963F7C293F5}.ReleaseGLSL|x64.Build.0 = Release|x64
		{3049B169-0B71-41AF-AA93-6963F7C293F5}.ReleaseGLSL|x86.ActiveCfg = Release|x64
		{3049B169-0B71-41AF-AA93-6963F7C293F5}.ReleaseGLSL|x86.Build.0 = Release|x64
		{3049B169-0B71-41AF-AA93-6963F7C293F5}.ReleaseLite|x64.ActiveCfg = Release|x64
		{3049B169-0B71-41AF-AA93-6963F7C293F5}.ReleaseLite|x64.Build.0 = Release|x64
		{3049B169-0B71-41AF-AA93-6963F7C293F5}.ReleaseLite|x86.ActiveCfg = Release|x64
		{3049B169-0B71-41AF-AA93-6963F7C293F5}.ReleaseLite|x86.Build.0 = Release|x64
		{76BC9137-0AC1-4847-A177-92E77FF1056B}.Debug|x64.ActiveCfg = Debug|x64
		{76BC9137-0AC1-4847-A177-92E77FF1056B}.Debug|x64.Build.0 = Debug|x64
		{76BC9137-0AC1-4847-A177-92E77FF1056B}.Debug|x86.ActiveCfg = Debug|Win32
		{76BC9137-0AC1-4847-A177-92E77FF1056B}.Debug|x86.Build.0 = Debug|Win32
		{76BC9137-0AC1-4847-A177-92E77FF1056B}.DebugFree|x64.ActiveCfg = Debug|x64
		{76BC9137-0AC1-4847-A177-92E77FF1056B}.DebugFree|x64.Build.0 = Debug|x64
		{76BC9137-0AC1-4847-A177-92E77FF1056B}.DebugFree|x86.ActiveCfg = Debug|Win32
		{76BC9137-0AC1-4847-A177-92E77FF1056B}.DebugFree|x86.Build.0 = Debug|Win32
		{76BC9137-0AC1-4847-A177-92E77FF1056B}.DebugGLSL|x64.ActiveCfg = Debug|x64
		{76BC9137-0AC1-4847-A177-92E77FF1056B}.DebugGLSL|x64.Build.0 = Debug|x64
		{76BC9137-0AC1-4847-A177-92E77FF1056B}.DebugGLSL|x86.ActiveCfg = Debug|Win32
		{76BC9137-0AC1-4847-A177-92E77FF1056B}.DebugGLSL|x86.Build.0 = Debug|Win32
		{76BC9137-0AC1-4847-A177-92E77FF1056B}.DebugLite|x64.ActiveCfg = Debug|x64
		{76BC9137-0AC1-4847-A177-92E77FF1056B}.DebugLite|x64.Build.0 = Debug|x64
		{76BC9137-0AC1-4847-A177-92E77FF1056B}.DebugLite|x86.ActiveCfg = Debug|Win32
		{76BC9137-0AC1-4847-A177-92E77FF1056B}.DebugLite|x86.Build.0 = Debug|Win32
		{76BC9137-0AC1-4847-A177-92E77FF1056B}.Release|x64.ActiveCfg = Release|x64
		{76BC9137-0AC1-4847-A177-92E77FF1056B}.Release|x64.Build.0 = Release|x64
		{76BC9137-0AC1-4847-A177-92E77FF1056B}.Release|x86.ActiveCfg = Release|Win32
		{76BC9137-0AC1-4847-A177-92E77FF1056B}.Release|x86.Build.0 = Release|Win32
		{76BC9137-0AC1-4847-A177-92E77FF1056B}.ReleaseFree|x64.ActiveCfg = Release|x64
		{76BC9137-0AC1-4847-A177-92E77FF1056B}.ReleaseFree|x64.Build.0 = Release|x64
		{76BC9137-0AC1-4847-A177-92E77FF1056B}.ReleaseFree|x86.ActiveCfg = Release|Win32
		{76BC9137-0AC1-4847-A177-92E77FF1056B}.ReleaseFree|x86.Build.0 = Release|Win32
		{76BC9137-0AC1-4847-A177-92E77FF1056B}.ReleaseGLSL|x64.ActiveCfg = Release|x64
		{76BC9137-0AC1-4847-A177-92E77FF1056B}.ReleaseGLSL|x64.Build.0 = Release|x64
		{76BC9137-0AC1-4847-A177-92E77FF1056B}.ReleaseGLSL|x86.ActiveCfg = Release|Win32
		{76BC9137-0AC1-4847-A177-92E77FF1056B}.ReleaseGLSL|x86.Build.0 = Release|Win32
		{76BC9137-0AC1-4847-A177-92E77FF1056B}.ReleaseLite|x64.ActiveCfg = Release|x64
		{76BC9137-0AC1-4847-A177-92E77FF1056B}.ReleaseLite|x64.Build.0 = Release|x64
		{76BC9137-0AC1-4847-A177-92E77FF1056B}.ReleaseLite|x86.ActiveCfg = Release|Win32
		{76BC9137-0AC1-4847-A177-92E77FF1056B}.ReleaseLite|x86.Build.0 = Release|Win32
		{682DCD55-745F-42EC-A8BF-103912838A3A}.Debug|x64.ActiveCfg = Debug|x64
		{682DCD55-745F-42EC-A8BF-103912838A3A}.Debug|x64.Build.0 = Debug|x64
		{682DCD55-745F-42EC-A8BF-103912838A3A}.Debug|x86.ActiveCfg = Debug|Win32
		{682DCD55-745F-42EC-A8BF-103912838A3A}.Debug|x86.Build.0 = Debug|Win32
		{682DCD55-745F-42EC-A8BF-103912838A3A}.DebugFree|x64.ActiveCfg = Debug|x64
		{682DCD55-745F-42EC-A8BF-103912838A3A}.DebugFree|x64.Build.0 = Debug|x64
		{682DCD55-745F-42EC-A8BF-103912838A3A}.DebugFree|x86.ActiveCfg = Debug|Win32
		{682DCD55-745F-42EC-A8BF-103912838A3A}.DebugFree|x86.Build.0 = Debug|Win32
		{682DCD55-745F-42EC-A8BF-103912838A3A}.DebugGLSL|x64.ActiveCfg = Debug|x64
		{682DCD55-745F-42EC-A8BF-103912838A3A}.DebugGLSL|x64.Build.0 = Debug|x64
		{682DCD55-745F-42EC-A8BF-103912838A3A}.DebugGLSL|x86.ActiveCfg = Debug|Win32
		{682DCD55-745F-42EC-A8BF-103912838A3A}.DebugGLSL|x86.Build.0 = Debug|Win32
		{682DCD55-745F-42EC-A8BF-103912838A3A}.DebugLite|x64.ActiveCfg = Debug|x64
		{682DCD55-745F-42EC-A8BF-103912838A3A}.DebugLite|x64.Build.0 = Debug|x64
		{682DCD55-745F-42EC-A8BF-103912838A3A}.DebugLite|x86.ActiveCfg = Debug|Win32
		{682DCD55-745F-42EC-A8BF-103912838A3A}.DebugLite|x86.Build.0 = Debug|Win32
		{682DCD55-745F-42EC-A8BF-103912838A3A}.Release|x64.ActiveCfg = Release|x64
		{682DCD55-745F-42EC-A8BF-103912838A3A}.Release|x64.Build.0 = Release|x64
		{682DCD55-745F-42EC-A8BF-103912838A3A}.Release|x86.ActiveCfg = Release|Win32
		{682DCD55-745F-42EC-A8BF-103912838A3A}.Release|x86.Build.0 = Release|Win32
		{682DCD55-745F-42EC-A8BF-103912838A3A}.ReleaseFree|x64.ActiveCfg = Release|x64
		{682DCD55-745F-42EC-A8BF-103912838A3A}.ReleaseFree|x64.Build.0 = Release|x64
		{682DCD55-745F-42EC-A8BF-103912838A3A}.ReleaseFree|x86.ActiveCfg = Release|Win32
		{682DCD55-745F-42EC-A8BF-103912838A3A}.ReleaseFree|x86.Build.0 = Release|Win32
		{682DCD55-745F-42EC-A8BF-103912838A3A}.ReleaseGLSL|x64.ActiveCfg = Release|x64
		{682DCD55-745F-42EC-A8BF-103912838A3A}.ReleaseGLSL|x64.Build.0 = Release|x64
		{682DCD55-745F-42EC-A8BF-103912838A3A}.ReleaseGLSL|x86.ActiveCfg = Release|Win32
		{682DCD55-745F-42EC-A8BF-103912838A3A}.ReleaseGLSL|x86.Build.0 = Release|Win32
		{682DCD55-745F-42EC-A8BF-103912838A3A}.ReleaseLite|x64.ActiveCfg = Release|x64
		{682DCD55-745F-42EC-A8BF-103912838A3A}.ReleaseLite|x64.Build.0 = Release|x64
		{682DCD55-745F-42EC-A8BF-103912838A3A}.ReleaseLite|x86.ActiveCfg = Release|Win32
		{682DCD55-745F-42EC-A8BF-103912838A3A}.ReleaseLite|x86.Build.0 = Release|Win32
		{BC2E93D5-B956-406F-8F54-A71CBB423F69}.Debug|x64.ActiveCfg = Debug|x64
		{BC2E93D5-B956-406F-8F54-A71CBB423F69}.Debug|x64.Build.0 = Debug|x64
		{BC2E93D5-B956-406F-8F54-A71CBB423F69}.Debug|x86.ActiveCfg = Debug|Win32
		{BC2E93D5-B956-406F-8F54-A71CBB423F69}.Debug|x86.Build.0 = Debug|Win32
		{BC2E93D5-B956-406F-8F54-A71CBB423F69}.DebugFree|x64.ActiveCfg = DebugFree|x64
		{BC2E93D5-B956-406F-8F54-A71CBB423F69}.DebugFree|x64.Build.0 = DebugFree|x64
		{BC2E93D5-B956-406F-8F54-A71CBB423F69}.DebugFree|x86.ActiveCfg = DebugFree|Win32
		{BC2E93D5-B956-406F-8F54-A71CBB423F69}.DebugFree|x86.Build.0 = DebugFree|Win32
		{BC2E93D5-B956-406F-8F54-A71CBB423F69}.DebugGLSL|x64.ActiveCfg = DebugFree|x64
		{BC2E93D5-B956-406F-8F54-A71CBB423F69}.DebugGLSL|x64.Build.0 = DebugFree|x64
		{BC2E93D5-B956-406F-8F54-A71CBB423F69}.DebugGLSL|x86.ActiveCfg = DebugLite|Win32
		{BC2E93D5-B956-406F-8F54-A71CBB423F69}.DebugGLSL|x86.Build.0 = DebugLite|Win32
		{BC2E93D5-B956-406F-8F54-A71CBB423F69}.DebugLite|x64.ActiveCfg = DebugLite|x64
		{BC2E93D5-B956-406F-8F54-A71CBB423F69}.DebugLite|x64.Build.0 = DebugLite|x64
		{BC2E93D5-B956-406F-8F54-A71CBB423F69}.DebugLite|x86.ActiveCfg = DebugLite|Win32
		{BC2E93D5-B956-406F-8F54-A71CBB423F69}.DebugLite|x86.Build.0 = DebugLite|Win32
		{BC2E93D5-B956-406F-8F54-A71CBB423F69}.Release|x64.ActiveCfg = Release|x64
		{BC2E93D5-B956-406F-8F54-A71CBB423F69}.Release|x64.Build.0 = Release|x64
		{BC2E93D5-B956-406F-8F54-A71CBB423F69}.Release|x86.ActiveCfg = Release|Win32
		{BC2E93D5-B956-406F-8F54-A71CBB423F69}.Release|x86.Build.0 = Release|Win32
		{BC2E93D5-B956-406F-8F54-A71CBB423F69}.ReleaseFree|x64.ActiveCfg = ReleaseFree|x64
		{BC2E93D5-B956-406F-8F54-A71CBB423F69}.ReleaseFree|x64.Build.0 = ReleaseFree|x64
		{BC2E93D5-B956-406F-8F54-A71CBB423F69}.ReleaseFree|x86.ActiveCfg = ReleaseFree|Win32
		{BC2E93D5-B956-406F-8F54-A71CBB423F69}.ReleaseFree|x86.Build.0 = ReleaseFree|Win32
		{BC2E93D5-B956-406F-8F54-A71CBB423F69}.ReleaseGLSL|x64.ActiveCfg = ReleaseFree|x64
		{BC2E93D5-B956-406F-8F54-A71CBB423F69}.ReleaseGLSL|x64.Build.0 = ReleaseFree|x64
		{BC2E93D5-B956-406F-8F54-A71CBB423F69}.ReleaseGLSL|x86.ActiveCfg = ReleaseLite|Win32
		{BC2E93D5-B956-406F-8F54-A71CBB423F69}.ReleaseGLSL|x86.Build.0 = ReleaseLite|Win32
		{BC2E93D5-B956-406F-8F54-A71CBB423F69}.ReleaseLite|x64.ActiveCfg = ReleaseLite|x64
		{BC2E93D5-B956-406F-8F54-A71CBB423F69}.ReleaseLite|x64.Build.0 = ReleaseLite|x64
		{BC2E93D5-B956-406F-8F54-A71CBB423F69}.ReleaseLite|x86.ActiveCfg = ReleaseLite|Win32
		{BC2E93D5-B956-406F-8F54-A71CBB423F69}.ReleaseLite|x86.Build.0 = ReleaseLite|Win32
	EndGlobalSection
	GlobalSection(SolutionProperties) = preSolution
		HideSolutionNode = FALSE
	EndGlobalSection
	GlobalSection(ExtensibilityGlobals) = postSolution
		SolutionGuid = {1FACC4C2-4B58-4ADA-9B39-65C8C4C519F3}
	EndGlobalSection
EndGlobal
